
Microsoft Visual Studio Solution File, Format Version 12.00
# Visual Studio Version 16
VisualStudioVersion = 16.0.29311.281
MinimumVisualStudioVersion = 10.0.40219.1
Project("{FAE04EC0-301F-11D3-BF4B-00C04F79EFBC}") = "DYSDK", "DYSDK\DYSDK.csproj", "{DFF636BD-D0DD-4E8F-940F-326D83CD331E}"
EndProject
Global
	GlobalSection(SolutionConfigurationPlatforms) = preSolution
		Debug|Any CPU = Debug|Any CPU
		Release|Any CPU = Release|Any CPU
	EndGlobalSection
	GlobalSection(ProjectConfigurationPlatforms) = postSolution
		{DFF636BD-D0DD-4E8F-940F-326D83CD331E}.Debug|Any CPU.ActiveCfg = Debug|Any CPU
		{DFF636BD-D0DD-4E8F-940F-326D83CD331E}.Debug|Any CPU.Build.0 = Debug|Any CPU
		{DFF636BD-D0DD-4E8F-940F-326D83CD331E}.Release|Any CPU.ActiveCfg = Release|Any CPU
		{DFF636BD-D0DD-4E8F-940F-326D83CD331E}.Release|Any CPU.Build.0 = Release|Any CPU
	EndGlobalSection
	GlobalSection(SolutionProperties) = preSolution
		HideSolutionNode = FALSE
	EndGlobalSection
	GlobalSection(ExtensibilityGlobals) = postSolution
		SolutionGuid = {3DC77106-4FBB-404F-BC69-244C838BAA4C}
	EndGlobalSection
EndGlobal
